
Microsoft Visual Studio Solution File, Format Version 12.00
# Visual Studio Version 17
VisualStudioVersion = 17.7.34031.279
MinimumVisualStudioVersion = 10.0.40219.1
Project("{9A19103F-16F7-4668-BE54-9A1E7A4F7556}") = "ToDoList.Infrastructure", "Infrastructure\ToDoList.Infrastructure\ToDoList.Infrastructure.csproj", "{5A551F9C-733E-4183-9C45-BCC068EB86D7}"
EndProject
Project("{9A19103F-16F7-4668-BE54-9A1E7A4F7556}") = "ToDoList.Domain", "Core\ToDoList.Domain\ToDoList.Domain.csproj", "{00F75669-1495-4DD3-A0DD-4C592F45F0A6}"
EndProject
Project("{9A19103F-16F7-4668-BE54-9A1E7A4F7556}") = "ToDoList.API", "Presentation\ToDoList.API\ToDoList.API.csproj", "{5BB4E0D8-FF6B-498B-9781-0E30480ADCBF}"
EndProject
Project("{9A19103F-16F7-4668-BE54-9A1E7A4F7556}") = "ToDoList.MAUI", "Presentation\ToDoList.MAUI\ToDoList.MAUI.csproj", "{18D36F63-3D74-4F7C-8A06-865AB0F9C853}"
EndProject
Project("{FAE04EC0-301F-11D3-BF4B-00C04F79EFBC}") = "ToDoList.Application", "Core\ToDoList.Application\ToDoList.Application.csproj", "{BFBCA421-D980-40F5-9ACF-BA9C03F23836}"
EndProject
Global
	GlobalSection(SolutionConfigurationPlatforms) = preSolution
		Debug|Any CPU = Debug|Any CPU
		Release|Any CPU = Release|Any CPU
	EndGlobalSection
	GlobalSection(ProjectConfigurationPlatforms) = postSolution
		{5A551F9C-733E-4183-9C45-BCC068EB86D7}.Debug|Any CPU.ActiveCfg = Debug|Any CPU
		{5A551F9C-733E-4183-9C45-BCC068EB86D7}.Debug|Any CPU.Build.0 = Debug|Any CPU
		{5A551F9C-733E-4183-9C45-BCC068EB86D7}.Release|Any CPU.ActiveCfg = Release|Any CPU
		{5A551F9C-733E-4183-9C45-BCC068EB86D7}.Release|Any CPU.Build.0 = Release|Any CPU
		{00F75669-1495-4DD3-A0DD-4C592F45F0A6}.Debug|Any CPU.ActiveCfg = Debug|Any CPU
		{00F75669-1495-4DD3-A0DD-4C592F45F0A6}.Debug|Any CPU.Build.0 = Debug|Any CPU
		{00F75669-1495-4DD3-A0DD-4C592F45F0A6}.Release|Any CPU.ActiveCfg = Release|Any CPU
		{00F75669-1495-4DD3-A0DD-4C592F45F0A6}.Release|Any CPU.Build.0 = Release|Any CPU
		{5BB4E0D8-FF6B-498B-9781-0E30480ADCBF}.Debug|Any CPU.ActiveCfg = Debug|Any CPU
		{5BB4E0D8-FF6B-498B-9781-0E30480ADCBF}.Debug|Any CPU.Build.0 = Debug|Any CPU
		{5BB4E0D8-FF6B-498B-9781-0E30480ADCBF}.Release|Any CPU.ActiveCfg = Release|Any CPU
		{5BB4E0D8-FF6B-498B-9781-0E30480ADCBF}.Release|Any CPU.Build.0 = Release|Any CPU
		{18D36F63-3D74-4F7C-8A06-865AB0F9C853}.Debug|Any CPU.ActiveCfg = Debug|Any CPU
		{18D36F63-3D74-4F7C-8A06-865AB0F9C853}.Debug|Any CPU.Build.0 = Debug|Any CPU
		{18D36F63-3D74-4F7C-8A06-865AB0F9C853}.Debug|Any CPU.Deploy.0 = Debug|Any CPU
		{18D36F63-3D74-4F7C-8A06-865AB0F9C853}.Release|Any CPU.ActiveCfg = Release|Any CPU
		{18D36F63-3D74-4F7C-8A06-865AB0F9C853}.Release|Any CPU.Build.0 = Release|Any CPU
		{18D36F63-3D74-4F7C-8A06-865AB0F9C853}.Release|Any CPU.Deploy.0 = Release|Any CPU
		{BFBCA421-D980-40F5-9ACF-BA9C03F23836}.Debug|Any CPU.ActiveCfg = Debug|Any CPU
		{BFBCA421-D980-40F5-9ACF-BA9C03F23836}.Debug|Any CPU.Build.0 = Debug|Any CPU
		{BFBCA421-D980-40F5-9ACF-BA9C03F23836}.Release|Any CPU.ActiveCfg = Release|Any CPU
		{BFBCA421-D980-40F5-9ACF-BA9C03F23836}.Release|Any CPU.Build.0 = Release|Any CPU
	EndGlobalSection
	GlobalSection(SolutionProperties) = preSolution
		HideSolutionNode = FALSE
	EndGlobalSection
	GlobalSection(ExtensibilityGlobals) = postSolution
		SolutionGuid = {077FF1C7-9239-470D-A27B-0861286CCD2A}
	EndGlobalSection
EndGlobal
